
Microsoft Visual Studio Solution File, Format Version 12.00
# Visual Studio Version 17
VisualStudioVersion = 17.13.35818.85 d17.13
MinimumVisualStudioVersion = 10.0.40219.1
Project("{FAE04EC0-301F-11D3-BF4B-00C04F79EFBC}") = "BudgetingTool", "BudgetingTool\BudgetingTool.csproj", "{E45B6B7D-92C8-4C4E-B2A4-2A96C7173344}"
EndProject
Global
	GlobalSection(SolutionConfigurationPlatforms) = preSolution
		Debug|Any CPU = Debug|Any CPU
		Release|Any CPU = Release|Any CPU
	EndGlobalSection
	GlobalSection(ProjectConfigurationPlatforms) = postSolution
		{E45B6B7D-92C8-4C4E-B2A4-2A96C7173344}.Debug|Any CPU.ActiveCfg = Debug|Any CPU
		{E45B6B7D-92C8-4C4E-B2A4-2A96C7173344}.Debug|Any CPU.Build.0 = Debug|Any CPU
		{E45B6B7D-92C8-4C4E-B2A4-2A96C7173344}.Release|Any CPU.ActiveCfg = Release|Any CPU
		{E45B6B7D-92C8-4C4E-B2A4-2A96C7173344}.Release|Any CPU.Build.0 = Release|Any CPU
	EndGlobalSection
	GlobalSection(SolutionProperties) = preSolution
		HideSolutionNode = FALSE
	EndGlobalSection
	GlobalSection(ExtensibilityGlobals) = postSolution
		SolutionGuid = {64D83CF8-F0CC-4F16-8B7D-FD0BB9276CB8}
	EndGlobalSection
EndGlobal
